
Microsoft Visual Studio Solution File, Format Version 12.00
# Visual Studio Version 17
VisualStudioVersion = 17.2.32526.322
MinimumVisualStudioVersion = 10.0.40219.1
Project("{8BC9CEB8-8B4A-11D0-8D11-00A0C91BC942}") = "Ex.1", "Ex.1\Ex.1.vcxproj", "{57D41277-B40D-44D0-84AB-CEAABF8552AF}"
EndProject
Project("{8BC9CEB8-8B4A-11D0-8D11-00A0C91BC942}") = "Ex.2", "Ex.2\Ex.2.vcxproj", "{6BE7F279-7BB7-467F-A821-293D18A4EE3C}"
EndProject
Project("{8BC9CEB8-8B4A-11D0-8D11-00A0C91BC942}") = "Ex.3", "Ex.3\Ex.3.vcxproj", "{7D166E75-2DB6-4E6C-8237-5D68C3F76268}"
EndProject
Project("{8BC9CEB8-8B4A-11D0-8D11-00A0C91BC942}") = "Ex.4", "Ex.4\Ex.4.vcxproj", "{76E79698-363B-4145-8153-6DA9D15985E3}"
EndProject
Project("{8BC9CEB8-8B4A-11D0-8D11-00A0C91BC942}") = "Ex.5", "Ex.5\Ex.5.vcxproj", "{C3693EA1-C59F-4BC5-B4BF-F59DB080C67E}"
EndProject
Project("{8BC9CEB8-8B4A-11D0-8D11-00A0C91BC942}") = "Ex.6", "Ex.6\Ex.6.vcxproj", "{85FE5D7B-C967-4400-9799-69E9C74A3A57}"
EndProject
Project("{8BC9CEB8-8B4A-11D0-8D11-00A0C91BC942}") = "Ex.7", "Ex.7\Ex.7.vcxproj", "{441BC723-A1FD-4E28-9FE7-BC2A894FDAE0}"
EndProject
Project("{8BC9CEB8-8B4A-11D0-8D11-00A0C91BC942}") = "Ex.8", "Ex.8\Ex.8.vcxproj", "{76FE491B-C99F-4F2C-84BB-2AF56349D792}"
EndProject
Project("{8BC9CEB8-8B4A-11D0-8D11-00A0C91BC942}") = "Ex.9", "Ex.9\Ex.9.vcxproj", "{70E36BB8-8B63-4506-9FD4-B1C76A97C517}"
EndProject
Project("{8BC9CEB8-8B4A-11D0-8D11-00A0C91BC942}") = "Ex.10", "Ex.10\Ex.10.vcxproj", "{3CD3017D-C1F6-4484-BE7D-D534A01F7E05}"
EndProject
Project("{8BC9CEB8-8B4A-11D0-8D11-00A0C91BC942}") = "Ex.11", "Ex.11\Ex.11.vcxproj", "{90481566-46DE-468D-8BC1-FD32ABDBC076}"
EndProject
Project("{8BC9CEB8-8B4A-11D0-8D11-00A0C91BC942}") = "Ex.12", "Ex.12\Ex.12.vcxproj", "{17AD7CA6-9D5C-45E3-9AFD-A3CD67863971}"
EndProject
Project("{8BC9CEB8-8B4A-11D0-8D11-00A0C91BC942}") = "Ex.13", "Ex.13\Ex.13.vcxproj", "{0F43E291-5353-4169-B693-900090B17D2B}"
EndProject
Global
	GlobalSection(SolutionConfigurationPlatforms) = preSolution
		Debug|x64 = Debug|x64
		Debug|x86 = Debug|x86
		Release|x64 = Release|x64
		Release|x86 = Release|x86
	EndGlobalSection
	GlobalSection(ProjectConfigurationPlatforms) = postSolution
		{57D41277-B40D-44D0-84AB-CEAABF8552AF}.Debug|x64.ActiveCfg = Debug|x64
		{57D41277-B40D-44D0-84AB-CEAABF8552AF}.Debug|x64.Build.0 = Debug|x64
		{57D41277-B40D-44D0-84AB-CEAABF8552AF}.Debug|x86.ActiveCfg = Debug|Win32
		{57D41277-B40D-44D0-84AB-CEAABF8552AF}.Debug|x86.Build.0 = Debug|Win32
		{57D41277-B40D-44D0-84AB-CEAABF8552AF}.Release|x64.ActiveCfg = Release|x64
		{57D41277-B40D-44D0-84AB-CEAABF8552AF}.Release|x64.Build.0 = Release|x64
		{57D41277-B40D-44D0-84AB-CEAABF8552AF}.Release|x86.ActiveCfg = Release|Win32
		{57D41277-B40D-44D0-84AB-CEAABF8552AF}.Release|x86.Build.0 = Release|Win32
		{6BE7F279-7BB7-467F-A821-293D18A4EE3C}.Debug|x64.ActiveCfg = Debug|x64
		{6BE7F279-7BB7-467F-A821-293D18A4EE3C}.Debug|x64.Build.0 = Debug|x64
		{6BE7F279-7BB7-467F-A821-293D18A4EE3C}.Debug|x86.ActiveCfg = Debug|Win32
		{6BE7F279-7BB7-467F-A821-293D18A4EE3C}.Debug|x86.Build.0 = Debug|Win32
		{6BE7F279-7BB7-467F-A821-293D18A4EE3C}.Release|x64.ActiveCfg = Release|x64
		{6BE7F279-7BB7-467F-A821-293D18A4EE3C}.Release|x64.Build.0 = Release|x64
		{6BE7F279-7BB7-467F-A821-293D18A4EE3C}.Release|x86.ActiveCfg = Release|Win32
		{6BE7F279-7BB7-467F-A821-293D18A4EE3C}.Release|x86.Build.0 = Release|Win32
		{7D166E75-2DB6-4E6C-8237-5D68C3F76268}.Debug|x64.ActiveCfg = Debug|x64
		{7D166E75-2DB6-4E6C-8237-5D68C3F76268}.Debug|x64.Build.0 = Debug|x64
		{7D166E75-2DB6-4E6C-8237-5D68C3F76268}.Debug|x86.ActiveCfg = Debug|Win32
		{7D166E75-2DB6-4E6C-8237-5D68C3F76268}.Debug|x86.Build.0 = Debug|Win32
		{7D166E75-2DB6-4E6C-8237-5D68C3F76268}.Release|x64.ActiveCfg = Release|x64
		{7D166E75-2DB6-4E6C-8237-5D68C3F76268}.Release|x64.Build.0 = Release|x64
		{7D166E75-2DB6-4E6C-8237-5D68C3F76268}.Release|x86.ActiveCfg = Release|Win32
		{7D166E75-2DB6-4E6C-8237-5D68C3F76268}.Release|x86.Build.0 = Release|Win32
		{76E79698-363B-4145-8153-6DA9D15985E3}.Debug|x64.ActiveCfg = Debug|x64
		{76E79698-363B-4145-8153-6DA9D15985E3}.Debug|x64.Build.0 = Debug|x64
		{76E79698-363B-4145-8153-6DA9D15985E3}.Debug|x86.ActiveCfg = Debug|Win32
		{76E79698-363B-4145-8153-6DA9D15985E3}.Debug|x86.Build.0 = Debug|Win32
		{76E79698-363B-4145-8153-6DA9D15985E3}.Release|x64.ActiveCfg = Release|x64
		{76E79698-363B-4145-8153-6DA9D15985E3}.Release|x64.Build.0 = Release|x64
		{76E79698-363B-4145-8153-6DA9D15985E3}.Release|x86.ActiveCfg = Release|Win32
		{76E79698-363B-4145-8153-6DA9D15985E3}.Release|x86.Build.0 = Release|Win32
		{C3693EA1-C59F-4BC5-B4BF-F59DB080C67E}.Debug|x64.ActiveCfg = Debug|x64
		{C3693EA1-C59F-4BC5-B4BF-F59DB080C67E}.Debug|x64.Build.0 = Debug|x64
		{C3693EA1-C59F-4BC5-B4BF-F59DB080C67E}.Debug|x86.ActiveCfg = Debug|Win32
		{C3693EA1-C59F-4BC5-B4BF-F59DB080C67E}.Debug|x86.Build.0 = Debug|Win32
		{C3693EA1-C59F-4BC5-B4BF-F59DB080C67E}.Release|x64.ActiveCfg = Release|x64
		{C3693EA1-C59F-4BC5-B4BF-F59DB080C67E}.Release|x64.Build.0 = Release|x64
		{C3693EA1-C59F-4BC5-B4BF-F59DB080C67E}.Release|x86.ActiveCfg = Release|Win32
		{C3693EA1-C59F-4BC5-B4BF-F59DB080C67E}.Release|x86.Build.0 = Release|Win32
		{85FE5D7B-C967-4400-9799-69E9C74A3A57}.Debug|x64.ActiveCfg = Debug|x64
		{85FE5D7B-C967-4400-9799-69E9C74A3A57}.Debug|x64.Build.0 = Debug|x64
		{85FE5D7B-C967-4400-9799-69E9C74A3A57}.Debug|x86.ActiveCfg = Debug|Win32
		{85FE5D7B-C967-4400-9799-69E9C74A3A57}.Debug|x86.Build.0 = Debug|Win32
		{85FE5D7B-C967-4400-9799-69E9C74A3A57}.Release|x64.ActiveCfg = Release|x64
		{85FE5D7B-C967-4400-9799-69E9C74A3A57}.Release|x64.Build.0 = Release|x64
		{85FE5D7B-C967-4400-9799-69E9C74A3A57}.Release|x86.ActiveCfg = Release|Win32
		{85FE5D7B-C967-4400-9799-69E9C74A3A57}.Release|x86.Build.0 = Release|Win32
		{441BC723-A1FD-4E28-9FE7-BC2A894FDAE0}.Debug|x64.ActiveCfg = Debug|x64
		{441BC723-A1FD-4E28-9FE7-BC2A894FDAE0}.Debug|x64.Build.0 = Debug|x64
		{441BC723-A1FD-4E28-9FE7-BC2A894FDAE0}.Debug|x86.ActiveCfg = Debug|Win32
		{441BC723-A1FD-4E28-9FE7-BC2A894FDAE0}.Debug|x86.Build.0 = Debug|Win32
		{441BC723-A1FD-4E28-9FE7-BC2A894FDAE0}.Release|x64.ActiveCfg = Release|x64
		{441BC723-A1FD-4E28-9FE7-BC2A894FDAE0}.Release|x64.Build.0 = Release|x64
		{441BC723-A1FD-4E28-9FE7-BC2A894FDAE0}.Release|x86.ActiveCfg = Release|Win32
		{441BC723-A1FD-4E28-9FE7-BC2A894FDAE0}.Release|x86.Build.0 = Release|Win32
		{76FE491B-C99F-4F2C-84BB-2AF56349D792}.Debug|x64.ActiveCfg = Debug|x64
		{76FE491B-C99F-4F2C-84BB-2AF56349D792}.Debug|x64.Build.0 = Debug|x64
		{76FE491B-C99F-4F2C-84BB-2AF56349D792}.Debug|x86.ActiveCfg = Debug|Win32
		{76FE491B-C99F-4F2C-84BB-2AF56349D792}.Debug|x86.Build.0 = Debug|Win32
		{76FE491B-C99F-4F2C-84BB-2AF56349D792}.Release|x64.ActiveCfg = Release|x64
		{76FE491B-C99F-4F2C-84BB-2AF56349D792}.Release|x64.Build.0 = Release|x64
		{76FE491B-C99F-4F2C-84BB-2AF56349D792}.Release|x86.ActiveCfg = Release|Win32
		{76FE491B-C99F-4F2C-84BB-2AF56349D792}.Release|x86.Build.0 = Release|Win32
		{70E36BB8-8B63-4506-9FD4-B1C76A97C517}.Debug|x64.ActiveCfg = Debug|x64
		{70E36BB8-8B63-4506-9FD4-B1C76A97C517}.Debug|x64.Build.0 = Debug|x64
		{70E36BB8-8B63-4506-9FD4-B1C76A97C517}.Debug|x86.ActiveCfg = Debug|Win32
		{70E36BB8-8B63-4506-9FD4-B1C76A97C517}.Debug|x86.Build.0 = Debug|Win32
		{70E36BB8-8B63-4506-9FD4-B1C76A97C517}.Release|x64.ActiveCfg = Release|x64
		{70E36BB8-8B63-4506-9FD4-B1C76A97C517}.Release|x64.Build.0 = Release|x64
		{70E36BB8-8B63-4506-9FD4-B1C76A97C517}.Release|x86.ActiveCfg = Release|Win32
		{70E36BB8-8B63-4506-9FD4-B1C76A97C517}.Release|x86.Build.0 = Release|Win32
		{3CD3017D-C1F6-4484-BE7D-D534A01F7E05}.Debug|x64.ActiveCfg = Debug|x64
		{3CD3017D-C1F6-4484-BE7D-D534A01F7E05}.Debug|x64.Build.0 = Debug|x64
		{3CD3017D-C1F6-4484-BE7D-D534A01F7E05}.Debug|x86.ActiveCfg = Debug|Win32
		{3CD3017D-C1F6-4484-BE7D-D534A01F7E05}.Debug|x86.Build.0 = Debug|Win32
		{3CD3017D-C1F6-4484-BE7D-D534A01F7E05}.Release|x64.ActiveCfg = Release|x64
		{3CD3017D-C1F6-4484-BE7D-D534A01F7E05}.Release|x64.Build.0 = Release|x64
		{3CD3017D-C1F6-4484-BE7D-D534A01F7E05}.Release|x86.ActiveCfg = Release|Win32
		{3CD3017D-C1F6-4484-BE7D-D534A01F7E05}.Release|x86.Build.0 = Release|Win32
		{90481566-46DE-468D-8BC1-FD32ABDBC076}.Debug|x64.ActiveCfg = Debug|x64
		{90481566-46DE-468D-8BC1-FD32ABDBC076}.Debug|x64.Build.0 = Debug|x64
		{90481566-46DE-468D-8BC1-FD32ABDBC076}.Debug|x86.ActiveCfg = Debug|Win32
		{90481566-46DE-468D-8BC1-FD32ABDBC076}.Debug|x86.Build.0 = Debug|Win32
		{90481566-46DE-468D-8BC1-FD32ABDBC076}.Release|x64.ActiveCfg = Release|x64
		{90481566-46DE-468D-8BC1-FD32ABDBC076}.Release|x64.Build.0 = Release|x64
		{90481566-46DE-468D-8BC1-FD32ABDBC076}.Release|x86.ActiveCfg = Release|Win32
		{90481566-46DE-468D-8BC1-FD32ABDBC076}.Release|x86.Build.0 = Release|Win32
		{17AD7CA6-9D5C-45E3-9AFD-A3CD67863971}.Debug|x64.ActiveCfg = Debug|x64
		{17AD7CA6-9D5C-45E3-9AFD-A3CD67863971}.Debug|x64.Build.0 = Debug|x64
		{17AD7CA6-9D5C-45E3-9AFD-A3CD67863971}.Debug|x86.ActiveCfg = Debug|Win32
		{17AD7CA6-9D5C-45E3-9AFD-A3CD67863971}.Debug|x86.Build.0 = Debug|Win32
		{17AD7CA6-9D5C-45E3-9AFD-A3CD67863971}.Release|x64.ActiveCfg = Release|x64
		{17AD7CA6-9D5C-45E3-9AFD-A3CD67863971}.Release|x64.Build.0 = Release|x64
		{17AD7CA6-9D5C-45E3-9AFD-A3CD67863971}.Release|x86.ActiveCfg = Release|Win32
		{17AD7CA6-9D5C-45E3-9AFD-A3CD67863971}.Release|x86.Build.0 = Release|Win32
		{0F43E291-5353-4169-B693-900090B17D2B}.Debug|x64.ActiveCfg = Debug|x64
		{0F43E291-5353-4169-B693-900090B17D2B}.Debug|x64.Build.0 = Debug|x64
		{0F43E291-5353-4169-B693-900090B17D2B}.Debug|x86.ActiveCfg = Debug|Win32
		{0F43E291-5353-4169-B693-900090B17D2B}.Debug|x86.Build.0 = Debug|Win32
		{0F43E291-5353-4169-B693-900090B17D2B}.Release|x64.ActiveCfg = Release|x64
		{0F43E291-5353-4169-B693-900090B17D2B}.Release|x64.Build.0 = Release|x64
		{0F43E291-5353-4169-B693-900090B17D2B}.Release|x86.ActiveCfg = Release|Win32
		{0F43E291-5353-4169-B693-900090B17D2B}.Release|x86.Build.0 = Release|Win32
	EndGlobalSection
	GlobalSection(SolutionProperties) = preSolution
		HideSolutionNode = FALSE
	EndGlobalSection
	GlobalSection(ExtensibilityGlobals) = postSolution
		SolutionGuid = {40E24942-C347-48BB-8A18-77C43AE766D9}
	EndGlobalSection
EndGlobal
